
Microsoft Visual Studio Solution File, Format Version 11.00
# Visual Studio 2010
Project("{FAE04EC0-301F-11D3-BF4B-00C04F79EFBC}") = "BioHack.Core", "BioHack.Core\BioHack.Core.csproj", "{6C5E0AEF-3953-4125-81A1-419595158356}"
EndProject
Project("{FAE04EC0-301F-11D3-BF4B-00C04F79EFBC}") = "BioHack.Andr", "BioHack.Andr\BioHack.Andr.csproj", "{0D71F49B-6604-42FC-B51C-114476FFF0D3}"
EndProject
Project("{FAE04EC0-301F-11D3-BF4B-00C04F79EFBC}") = "BioHack.Core.Andr", "BioHack.Core.Andr\BioHack.Core.Andr.csproj", "{D7AAA3D6-61C4-4354-B368-A5E034B066D9}"
EndProject
Project("{FAE04EC0-301F-11D3-BF4B-00C04F79EFBC}") = "BioHack.Ui.Andr", "BioHack.Ui.Andr\BioHack.Ui.Andr.csproj", "{845BA240-D3C6-4DFB-AFE6-673A33849484}"
EndProject
Project("{FAE04EC0-301F-11D3-BF4B-00C04F79EFBC}") = "BioHack.Ui.Ios", "BioHack.Ui.Ios\BioHack.Ui.Ios.csproj", "{A667FC40-86C2-4252-A482-010B614D6F0B}"
EndProject
Global
	GlobalSection(SolutionConfigurationPlatforms) = preSolution
		Ad-Hoc|iPhone = Ad-Hoc|iPhone
		Ad-Hoc|iPhoneSimulator = Ad-Hoc|iPhoneSimulator
		Ad-Hoc|Mixed Platforms = Ad-Hoc|Mixed Platforms
		Ad-Hoc|x86 = Ad-Hoc|x86
		AppStore|iPhone = AppStore|iPhone
		AppStore|iPhoneSimulator = AppStore|iPhoneSimulator
		AppStore|Mixed Platforms = AppStore|Mixed Platforms
		AppStore|x86 = AppStore|x86
		Debug|iPhone = Debug|iPhone
		Debug|iPhoneSimulator = Debug|iPhoneSimulator
		Debug|Mixed Platforms = Debug|Mixed Platforms
		Debug|x86 = Debug|x86
		Release|iPhone = Release|iPhone
		Release|iPhoneSimulator = Release|iPhoneSimulator
		Release|Mixed Platforms = Release|Mixed Platforms
		Release|x86 = Release|x86
	EndGlobalSection
	GlobalSection(ProjectConfigurationPlatforms) = postSolution
		{6C5E0AEF-3953-4125-81A1-419595158356}.Ad-Hoc|iPhone.ActiveCfg = Release|x86
		{6C5E0AEF-3953-4125-81A1-419595158356}.Ad-Hoc|iPhoneSimulator.ActiveCfg = Release|x86
		{6C5E0AEF-3953-4125-81A1-419595158356}.Ad-Hoc|Mixed Platforms.ActiveCfg = Release|x86
		{6C5E0AEF-3953-4125-81A1-419595158356}.Ad-Hoc|Mixed Platforms.Build.0 = Release|x86
		{6C5E0AEF-3953-4125-81A1-419595158356}.Ad-Hoc|x86.ActiveCfg = Release|x86
		{6C5E0AEF-3953-4125-81A1-419595158356}.Ad-Hoc|x86.Build.0 = Release|x86
		{6C5E0AEF-3953-4125-81A1-419595158356}.AppStore|iPhone.ActiveCfg = Release|x86
		{6C5E0AEF-3953-4125-81A1-419595158356}.AppStore|iPhoneSimulator.ActiveCfg = Release|x86
		{6C5E0AEF-3953-4125-81A1-419595158356}.AppStore|Mixed Platforms.ActiveCfg = Release|x86
		{6C5E0AEF-3953-4125-81A1-419595158356}.AppStore|Mixed Platforms.Build.0 = Release|x86
		{6C5E0AEF-3953-4125-81A1-419595158356}.AppStore|x86.ActiveCfg = Release|x86
		{6C5E0AEF-3953-4125-81A1-419595158356}.AppStore|x86.Build.0 = Release|x86
		{6C5E0AEF-3953-4125-81A1-419595158356}.Debug|iPhone.ActiveCfg = Debug|x86
		{6C5E0AEF-3953-4125-81A1-419595158356}.Debug|iPhoneSimulator.ActiveCfg = Debug|x86
		{6C5E0AEF-3953-4125-81A1-419595158356}.Debug|Mixed Platforms.ActiveCfg = Debug|x86
		{6C5E0AEF-3953-4125-81A1-419595158356}.Debug|Mixed Platforms.Build.0 = Debug|x86
		{6C5E0AEF-3953-4125-81A1-419595158356}.Debug|x86.ActiveCfg = Debug|x86
		{6C5E0AEF-3953-4125-81A1-419595158356}.Debug|x86.Build.0 = Debug|x86
		{6C5E0AEF-3953-4125-81A1-419595158356}.Release|iPhone.ActiveCfg = Release|x86
		{6C5E0AEF-3953-4125-81A1-419595158356}.Release|iPhoneSimulator.ActiveCfg = Release|x86
		{6C5E0AEF-3953-4125-81A1-419595158356}.Release|Mixed Platforms.ActiveCfg = Release|x86
		{6C5E0AEF-3953-4125-81A1-419595158356}.Release|Mixed Platforms.Build.0 = Release|x86
		{6C5E0AEF-3953-4125-81A1-419595158356}.Release|x86.ActiveCfg = Release|x86
		{6C5E0AEF-3953-4125-81A1-419595158356}.Release|x86.Build.0 = Release|x86
		{0D71F49B-6604-42FC-B51C-114476FFF0D3}.Ad-Hoc|iPhone.ActiveCfg = Release|Any CPU
		{0D71F49B-6604-42FC-B51C-114476FFF0D3}.Ad-Hoc|iPhoneSimulator.ActiveCfg = Release|Any CPU
		{0D71F49B-6604-42FC-B51C-114476FFF0D3}.Ad-Hoc|Mixed Platforms.ActiveCfg = Release|Any CPU
		{0D71F49B-6604-42FC-B51C-114476FFF0D3}.Ad-Hoc|Mixed Platforms.Build.0 = Release|Any CPU
		{0D71F49B-6604-42FC-B51C-114476FFF0D3}.Ad-Hoc|x86.ActiveCfg = Release|Any CPU
		{0D71F49B-6604-42FC-B51C-114476FFF0D3}.AppStore|iPhone.ActiveCfg = Release|Any CPU
		{0D71F49B-6604-42FC-B51C-114476FFF0D3}.AppStore|iPhoneSimulator.ActiveCfg = Release|Any CPU
		{0D71F49B-6604-42FC-B51C-114476FFF0D3}.AppStore|Mixed Platforms.ActiveCfg = Release|Any CPU
		{0D71F49B-6604-42FC-B51C-114476FFF0D3}.AppStore|Mixed Platforms.Build.0 = Release|Any CPU
		{0D71F49B-6604-42FC-B51C-114476FFF0D3}.AppStore|x86.ActiveCfg = Release|Any CPU
		{0D71F49B-6604-42FC-B51C-114476FFF0D3}.Debug|iPhone.ActiveCfg = Debug|Any CPU
		{0D71F49B-6604-42FC-B51C-114476FFF0D3}.Debug|iPhoneSimulator.ActiveCfg = Debug|Any CPU
		{0D71F49B-6604-42FC-B51C-114476FFF0D3}.Debug|Mixed Platforms.ActiveCfg = Debug|Any CPU
		{0D71F49B-6604-42FC-B51C-114476FFF0D3}.Debug|Mixed Platforms.Build.0 = Debug|Any CPU
		{0D71F49B-6604-42FC-B51C-114476FFF0D3}.Debug|x86.ActiveCfg = Debug|Any CPU
		{0D71F49B-6604-42FC-B51C-114476FFF0D3}.Debug|x86.Build.0 = Debug|Any CPU
		{0D71F49B-6604-42FC-B51C-114476FFF0D3}.Release|iPhone.ActiveCfg = Release|Any CPU
		{0D71F49B-6604-42FC-B51C-114476FFF0D3}.Release|iPhoneSimulator.ActiveCfg = Release|Any CPU
		{0D71F49B-6604-42FC-B51C-114476FFF0D3}.Release|Mixed Platforms.ActiveCfg = Release|Any CPU
		{0D71F49B-6604-42FC-B51C-114476FFF0D3}.Release|Mixed Platforms.Build.0 = Release|Any CPU
		{0D71F49B-6604-42FC-B51C-114476FFF0D3}.Release|x86.ActiveCfg = Release|Any CPU
		{0D71F49B-6604-42FC-B51C-114476FFF0D3}.Release|x86.Build.0 = Release|Any CPU
		{D7AAA3D6-61C4-4354-B368-A5E034B066D9}.Ad-Hoc|iPhone.ActiveCfg = Release|Any CPU
		{D7AAA3D6-61C4-4354-B368-A5E034B066D9}.Ad-Hoc|iPhoneSimulator.ActiveCfg = Release|Any CPU
		{D7AAA3D6-61C4-4354-B368-A5E034B066D9}.Ad-Hoc|Mixed Platforms.ActiveCfg = Release|Any CPU
		{D7AAA3D6-61C4-4354-B368-A5E034B066D9}.Ad-Hoc|Mixed Platforms.Build.0 = Release|Any CPU
		{D7AAA3D6-61C4-4354-B368-A5E034B066D9}.Ad-Hoc|x86.ActiveCfg = Release|Any CPU
		{D7AAA3D6-61C4-4354-B368-A5E034B066D9}.AppStore|iPhone.ActiveCfg = Release|Any CPU
		{D7AAA3D6-61C4-4354-B368-A5E034B066D9}.AppStore|iPhoneSimulator.ActiveCfg = Release|Any CPU
		{D7AAA3D6-61C4-4354-B368-A5E034B066D9}.AppStore|Mixed Platforms.ActiveCfg = Release|Any CPU
		{D7AAA3D6-61C4-4354-B368-A5E034B066D9}.AppStore|Mixed Platforms.Build.0 = Release|Any CPU
		{D7AAA3D6-61C4-4354-B368-A5E034B066D9}.AppStore|x86.ActiveCfg = Release|Any CPU
		{D7AAA3D6-61C4-4354-B368-A5E034B066D9}.Debug|iPhone.ActiveCfg = Debug|Any CPU
		{D7AAA3D6-61C4-4354-B368-A5E034B066D9}.Debug|iPhoneSimulator.ActiveCfg = Debug|Any CPU
		{D7AAA3D6-61C4-4354-B368-A5E034B066D9}.Debug|Mixed Platforms.ActiveCfg = Debug|Any CPU
		{D7AAA3D6-61C4-4354-B368-A5E034B066D9}.Debug|Mixed Platforms.Build.0 = Debug|Any CPU
		{D7AAA3D6-61C4-4354-B368-A5E034B066D9}.Debug|x86.ActiveCfg = Debug|Any CPU
		{D7AAA3D6-61C4-4354-B368-A5E034B066D9}.Debug|x86.Build.0 = Debug|Any CPU
		{D7AAA3D6-61C4-4354-B368-A5E034B066D9}.Release|iPhone.ActiveCfg = Release|Any CPU
		{D7AAA3D6-61C4-4354-B368-A5E034B066D9}.Release|iPhoneSimulator.ActiveCfg = Release|Any CPU
		{D7AAA3D6-61C4-4354-B368-A5E034B066D9}.Release|Mixed Platforms.ActiveCfg = Release|Any CPU
		{D7AAA3D6-61C4-4354-B368-A5E034B066D9}.Release|Mixed Platforms.Build.0 = Release|Any CPU
		{D7AAA3D6-61C4-4354-B368-A5E034B066D9}.Release|x86.ActiveCfg = Release|Any CPU
		{D7AAA3D6-61C4-4354-B368-A5E034B066D9}.Release|x86.Build.0 = Release|Any CPU
		{845BA240-D3C6-4DFB-AFE6-673A33849484}.Ad-Hoc|iPhone.ActiveCfg = Release|Any CPU
		{845BA240-D3C6-4DFB-AFE6-673A33849484}.Ad-Hoc|iPhoneSimulator.ActiveCfg = Release|Any CPU
		{845BA240-D3C6-4DFB-AFE6-673A33849484}.Ad-Hoc|Mixed Platforms.ActiveCfg = Release|Any CPU
		{845BA240-D3C6-4DFB-AFE6-673A33849484}.Ad-Hoc|Mixed Platforms.Build.0 = Release|Any CPU
		{845BA240-D3C6-4DFB-AFE6-673A33849484}.Ad-Hoc|Mixed Platforms.Deploy.0 = Release|Any CPU
		{845BA240-D3C6-4DFB-AFE6-673A33849484}.Ad-Hoc|x86.ActiveCfg = Release|Any CPU
		{845BA240-D3C6-4DFB-AFE6-673A33849484}.AppStore|iPhone.ActiveCfg = Release|Any CPU
		{845BA240-D3C6-4DFB-AFE6-673A33849484}.AppStore|iPhoneSimulator.ActiveCfg = Release|Any CPU
		{845BA240-D3C6-4DFB-AFE6-673A33849484}.AppStore|Mixed Platforms.ActiveCfg = Release|Any CPU
		{845BA240-D3C6-4DFB-AFE6-673A33849484}.AppStore|Mixed Platforms.Build.0 = Release|Any CPU
		{845BA240-D3C6-4DFB-AFE6-673A33849484}.AppStore|Mixed Platforms.Deploy.0 = Release|Any CPU
		{845BA240-D3C6-4DFB-AFE6-673A33849484}.AppStore|x86.ActiveCfg = Release|Any CPU
		{845BA240-D3C6-4DFB-AFE6-673A33849484}.Debug|iPhone.ActiveCfg = Debug|Any CPU
		{845BA240-D3C6-4DFB-AFE6-673A33849484}.Debug|iPhoneSimulator.ActiveCfg = Debug|Any CPU
		{845BA240-D3C6-4DFB-AFE6-673A33849484}.Debug|Mixed Platforms.ActiveCfg = Debug|Any CPU
		{845BA240-D3C6-4DFB-AFE6-673A33849484}.Debug|Mixed Platforms.Build.0 = Debug|Any CPU
		{845BA240-D3C6-4DFB-AFE6-673A33849484}.Debug|Mixed Platforms.Deploy.0 = Debug|Any CPU
		{845BA240-D3C6-4DFB-AFE6-673A33849484}.Debug|x86.ActiveCfg = Debug|Any CPU
		{845BA240-D3C6-4DFB-AFE6-673A33849484}.Debug|x86.Build.0 = Debug|Any CPU
		{845BA240-D3C6-4DFB-AFE6-673A33849484}.Debug|x86.Deploy.0 = Debug|Any CPU
		{845BA240-D3C6-4DFB-AFE6-673A33849484}.Release|iPhone.ActiveCfg = Release|Any CPU
		{845BA240-D3C6-4DFB-AFE6-673A33849484}.Release|iPhoneSimulator.ActiveCfg = Release|Any CPU
		{845BA240-D3C6-4DFB-AFE6-673A33849484}.Release|Mixed Platforms.ActiveCfg = Release|Any CPU
		{845BA240-D3C6-4DFB-AFE6-673A33849484}.Release|Mixed Platforms.Build.0 = Release|Any CPU
		{845BA240-D3C6-4DFB-AFE6-673A33849484}.Release|Mixed Platforms.Deploy.0 = Release|Any CPU
		{845BA240-D3C6-4DFB-AFE6-673A33849484}.Release|x86.ActiveCfg = Release|Any CPU
		{845BA240-D3C6-4DFB-AFE6-673A33849484}.Release|x86.Build.0 = Release|Any CPU
		{A667FC40-86C2-4252-A482-010B614D6F0B}.Ad-Hoc|iPhone.ActiveCfg = Ad-Hoc|iPhone
		{A667FC40-86C2-4252-A482-010B614D6F0B}.Ad-Hoc|iPhone.Build.0 = Ad-Hoc|iPhone
		{A667FC40-86C2-4252-A482-010B614D6F0B}.Ad-Hoc|iPhoneSimulator.ActiveCfg = Ad-Hoc|iPhoneSimulator
		{A667FC40-86C2-4252-A482-010B614D6F0B}.Ad-Hoc|iPhoneSimulator.Build.0 = Ad-Hoc|iPhoneSimulator
		{A667FC40-86C2-4252-A482-010B614D6F0B}.Ad-Hoc|Mixed Platforms.ActiveCfg = Ad-Hoc|iPhone
		{A667FC40-86C2-4252-A482-010B614D6F0B}.Ad-Hoc|Mixed Platforms.Build.0 = Ad-Hoc|iPhone
		{A667FC40-86C2-4252-A482-010B614D6F0B}.Ad-Hoc|x86.ActiveCfg = Ad-Hoc|iPhone
		{A667FC40-86C2-4252-A482-010B614D6F0B}.AppStore|iPhone.ActiveCfg = AppStore|iPhone
		{A667FC40-86C2-4252-A482-010B614D6F0B}.AppStore|iPhone.Build.0 = AppStore|iPhone
		{A667FC40-86C2-4252-A482-010B614D6F0B}.AppStore|iPhoneSimulator.ActiveCfg = AppStore|iPhoneSimulator
		{A667FC40-86C2-4252-A482-010B614D6F0B}.AppStore|iPhoneSimulator.Build.0 = AppStore|iPhoneSimulator
		{A667FC40-86C2-4252-A482-010B614D6F0B}.AppStore|Mixed Platforms.ActiveCfg = AppStore|iPhone
		{A667FC40-86C2-4252-A482-010B614D6F0B}.AppStore|Mixed Platforms.Build.0 = AppStore|iPhone
		{A667FC40-86C2-4252-A482-010B614D6F0B}.AppStore|x86.ActiveCfg = AppStore|iPhone
		{A667FC40-86C2-4252-A482-010B614D6F0B}.Debug|iPhone.ActiveCfg = Debug|iPhone
		{A667FC40-86C2-4252-A482-010B614D6F0B}.Debug|iPhone.Build.0 = Debug|iPhone
		{A667FC40-86C2-4252-A482-010B614D6F0B}.Debug|iPhoneSimulator.ActiveCfg = Debug|iPhoneSimulator
		{A667FC40-86C2-4252-A482-010B614D6F0B}.Debug|iPhoneSimulator.Build.0 = Debug|iPhoneSimulator
		{A667FC40-86C2-4252-A482-010B614D6F0B}.Debug|Mixed Platforms.ActiveCfg = Debug|iPhone
		{A667FC40-86C2-4252-A482-010B614D6F0B}.Debug|Mixed Platforms.Build.0 = Debug|iPhone
		{A667FC40-86C2-4252-A482-010B614D6F0B}.Debug|x86.ActiveCfg = Debug|iPhone
		{A667FC40-86C2-4252-A482-010B614D6F0B}.Release|iPhone.ActiveCfg = Release|iPhone
		{A667FC40-86C2-4252-A482-010B614D6F0B}.Release|iPhone.Build.0 = Release|iPhone
		{A667FC40-86C2-4252-A482-010B614D6F0B}.Release|iPhoneSimulator.ActiveCfg = Release|iPhoneSimulator
		{A667FC40-86C2-4252-A482-010B614D6F0B}.Release|iPhoneSimulator.Build.0 = Release|iPhoneSimulator
		{A667FC40-86C2-4252-A482-010B614D6F0B}.Release|Mixed Platforms.ActiveCfg = Release|iPhone
		{A667FC40-86C2-4252-A482-010B614D6F0B}.Release|Mixed Platforms.Build.0 = Release|iPhone
		{A667FC40-86C2-4252-A482-010B614D6F0B}.Release|x86.ActiveCfg = Release|iPhone
	EndGlobalSection
	GlobalSection(SolutionProperties) = preSolution
		HideSolutionNode = FALSE
	EndGlobalSection
	GlobalSection(MonoDevelopProperties) = preSolution
		StartupItem = BioHack.Core\BioHack.Core.csproj
	EndGlobalSection
EndGlobal
